
Microsoft Visual Studio Solution File, Format Version 12.00
# Visual Studio 15
VisualStudioVersion = 15.0.27703.2035
MinimumVisualStudioVersion = 10.0.40219.1
Project("{FAE04EC0-301F-11D3-BF4B-00C04F79EFBC}") = "ToolMagazine", "ToolMagazine\ToolMagazine.csproj", "{52049FBB-694F-4C95-B2C0-8CE564D54883}"
EndProject
Project("{FAE04EC0-301F-11D3-BF4B-00C04F79EFBC}") = "MaterialDesignThemes.Wpf", "..\..\MaterialDesignInXamlToolkit-master\MaterialDesignThemes.Wpf\MaterialDesignThemes.Wpf.csproj", "{F079FB0A-A8ED-4216-B6A5-345756751A04}"
EndProject
Project("{FAE04EC0-301F-11D3-BF4B-00C04F79EFBC}") = "MaterialDesignColors.Wpf", "..\..\MaterialDesignInXamlToolkit-master\MaterialDesignColors.Wpf\MaterialDesignColors.Wpf.csproj", "{90B53209-C60C-4655-B28D-A1B3E1044BA3}"
EndProject
Project("{FAE04EC0-301F-11D3-BF4B-00C04F79EFBC}") = "ToolDB", "ToolDB\ToolDB.csproj", "{B4B6ADF5-3CEE-4E55-AB62-3F3D571DA99E}"
EndProject
Global
	GlobalSection(SolutionConfigurationPlatforms) = preSolution
		AppVeyor|Any CPU = AppVeyor|Any CPU
		Debug|Any CPU = Debug|Any CPU
		Release|Any CPU = Release|Any CPU
	EndGlobalSection
	GlobalSection(ProjectConfigurationPlatforms) = postSolution
		{52049FBB-694F-4C95-B2C0-8CE564D54883}.AppVeyor|Any CPU.ActiveCfg = Release|Any CPU
		{52049FBB-694F-4C95-B2C0-8CE564D54883}.AppVeyor|Any CPU.Build.0 = Release|Any CPU
		{52049FBB-694F-4C95-B2C0-8CE564D54883}.Debug|Any CPU.ActiveCfg = Debug|Any CPU
		{52049FBB-694F-4C95-B2C0-8CE564D54883}.Debug|Any CPU.Build.0 = Debug|Any CPU
		{52049FBB-694F-4C95-B2C0-8CE564D54883}.Release|Any CPU.ActiveCfg = Release|Any CPU
		{52049FBB-694F-4C95-B2C0-8CE564D54883}.Release|Any CPU.Build.0 = Release|Any CPU
		{F079FB0A-A8ED-4216-B6A5-345756751A04}.AppVeyor|Any CPU.ActiveCfg = AppVeyor|Any CPU
		{F079FB0A-A8ED-4216-B6A5-345756751A04}.AppVeyor|Any CPU.Build.0 = AppVeyor|Any CPU
		{F079FB0A-A8ED-4216-B6A5-345756751A04}.Debug|Any CPU.ActiveCfg = Debug|Any CPU
		{F079FB0A-A8ED-4216-B6A5-345756751A04}.Debug|Any CPU.Build.0 = Debug|Any CPU
		{F079FB0A-A8ED-4216-B6A5-345756751A04}.Release|Any CPU.ActiveCfg = Release|Any CPU
		{F079FB0A-A8ED-4216-B6A5-345756751A04}.Release|Any CPU.Build.0 = Release|Any CPU
		{90B53209-C60C-4655-B28D-A1B3E1044BA3}.AppVeyor|Any CPU.ActiveCfg = AppVeyor|Any CPU
		{90B53209-C60C-4655-B28D-A1B3E1044BA3}.AppVeyor|Any CPU.Build.0 = AppVeyor|Any CPU
		{90B53209-C60C-4655-B28D-A1B3E1044BA3}.Debug|Any CPU.ActiveCfg = Debug|Any CPU
		{90B53209-C60C-4655-B28D-A1B3E1044BA3}.Debug|Any CPU.Build.0 = Debug|Any CPU
		{90B53209-C60C-4655-B28D-A1B3E1044BA3}.Release|Any CPU.ActiveCfg = Release|Any CPU
		{90B53209-C60C-4655-B28D-A1B3E1044BA3}.Release|Any CPU.Build.0 = Release|Any CPU
		{B4B6ADF5-3CEE-4E55-AB62-3F3D571DA99E}.AppVeyor|Any CPU.ActiveCfg = Release|Any CPU
		{B4B6ADF5-3CEE-4E55-AB62-3F3D571DA99E}.AppVeyor|Any CPU.Build.0 = Release|Any CPU
		{B4B6ADF5-3CEE-4E55-AB62-3F3D571DA99E}.Debug|Any CPU.ActiveCfg = Debug|Any CPU
		{B4B6ADF5-3CEE-4E55-AB62-3F3D571DA99E}.Debug|Any CPU.Build.0 = Debug|Any CPU
		{B4B6ADF5-3CEE-4E55-AB62-3F3D571DA99E}.Release|Any CPU.ActiveCfg = Release|Any CPU
		{B4B6ADF5-3CEE-4E55-AB62-3F3D571DA99E}.Release|Any CPU.Build.0 = Release|Any CPU
	EndGlobalSection
	GlobalSection(SolutionProperties) = preSolution
		HideSolutionNode = FALSE
	EndGlobalSection
	GlobalSection(ExtensibilityGlobals) = postSolution
		SolutionGuid = {46662AD2-AE76-4683-B7FA-02BD215B8ED6}
	EndGlobalSection
EndGlobal
